
Microsoft Visual Studio Solution File, Format Version 12.00
# Visual Studio Version 16
VisualStudioVersion = 16.0.29411.108
MinimumVisualStudioVersion = 10.0.40219.1
Project("{FAE04EC0-301F-11D3-BF4B-00C04F79EFBC}") = "VanhackRecruitAPI", "VanhackRecruitAPI\VanhackRecruitAPI.csproj", "{AE84DF30-AE80-4B71-845E-07E89D10D062}"
EndProject
Global
	GlobalSection(SolutionConfigurationPlatforms) = preSolution
		Debug|Any CPU = Debug|Any CPU
		Release|Any CPU = Release|Any CPU
	EndGlobalSection
	GlobalSection(ProjectConfigurationPlatforms) = postSolution
		{AE84DF30-AE80-4B71-845E-07E89D10D062}.Debug|Any CPU.ActiveCfg = Debug|Any CPU
		{AE84DF30-AE80-4B71-845E-07E89D10D062}.Debug|Any CPU.Build.0 = Debug|Any CPU
		{AE84DF30-AE80-4B71-845E-07E89D10D062}.Release|Any CPU.ActiveCfg = Release|Any CPU
		{AE84DF30-AE80-4B71-845E-07E89D10D062}.Release|Any CPU.Build.0 = Release|Any CPU
	EndGlobalSection
	GlobalSection(SolutionProperties) = preSolution
		HideSolutionNode = FALSE
	EndGlobalSection
	GlobalSection(ExtensibilityGlobals) = postSolution
		SolutionGuid = {B38D235E-F04F-4CDC-A982-D5D059D9DEB4}
	EndGlobalSection
EndGlobal
